
Microsoft Visual Studio Solution File, Format Version 12.00
# Visual Studio Version 16
VisualStudioVersion = 16.0.29806.167
MinimumVisualStudioVersion = 10.0.40219.1
Project("{8BC9CEB8-8B4A-11D0-8D11-00A0C91BC942}") = "platform-for-tests", "platform-for-tests\platform-for-tests.vcxproj", "{154F2DBF-CB1F-4983-A561-0C5D29C81A20}"
EndProject
Global
	GlobalSection(SolutionConfigurationPlatforms) = preSolution
		Debug|x64 = Debug|x64
		Debug|x86 = Debug|x86
		Release|x64 = Release|x64
		Release|x86 = Release|x86
	EndGlobalSection
	GlobalSection(ProjectConfigurationPlatforms) = postSolution
		{154F2DBF-CB1F-4983-A561-0C5D29C81A20}.Debug|x64.ActiveCfg = Debug|x64
		{154F2DBF-CB1F-4983-A561-0C5D29C81A20}.Debug|x64.Build.0 = Debug|x64
		{154F2DBF-CB1F-4983-A561-0C5D29C81A20}.Debug|x86.ActiveCfg = Debug|Win32
		{154F2DBF-CB1F-4983-A561-0C5D29C81A20}.Debug|x86.Build.0 = Debug|Win32
		{154F2DBF-CB1F-4983-A561-0C5D29C81A20}.Release|x64.ActiveCfg = Release|x64
		{154F2DBF-CB1F-4983-A561-0C5D29C81A20}.Release|x64.Build.0 = Release|x64
		{154F2DBF-CB1F-4983-A561-0C5D29C81A20}.Release|x86.ActiveCfg = Release|Win32
		{154F2DBF-CB1F-4983-A561-0C5D29C81A20}.Release|x86.Build.0 = Release|Win32
	EndGlobalSection
	GlobalSection(SolutionProperties) = preSolution
		HideSolutionNode = FALSE
	EndGlobalSection
	GlobalSection(ExtensibilityGlobals) = postSolution
		SolutionGuid = {44204916-3FDF-4B55-B037-0BCE31D34003}
	EndGlobalSection
EndGlobal
